# This file is automatically @generated by Cargo.
# It is not intended for manual editing.
version = 4

[[package]]
name = "protalko-domain"
version = "0.1.0"

[[package]]
name = "protalko-infrastructure"
version = "0.1.0"
dependencies = [
 "protalko-domain",
]

[[package]]
name = "protalko-presentation"
version = "0.1.0"
dependencies = [
 "protalko-domain",
 "protalko-infrastructure",
 "protalko-use-case",
]

[[package]]
name = "protalko-use-case"
version = "0.1.0"
dependencies = [
 "protalko-domain",
]
